
Microsoft Visual Studio Solution File, Format Version 12.00
# Visual Studio Version 16
VisualStudioVersion = 16.0.31025.194
MinimumVisualStudioVersion = 10.0.40219.1
Project("{FAE04EC0-301F-11D3-BF4B-00C04F79EFBC}") = "BatBeat", "BatBeat\BatBeat.csproj", "{0C6E5420-1609-440C-9F09-63C02875E1B5}"
EndProject
Global
	GlobalSection(SolutionConfigurationPlatforms) = preSolution
		Debug|Any CPU = Debug|Any CPU
		Release|Any CPU = Release|Any CPU
	EndGlobalSection
	GlobalSection(ProjectConfigurationPlatforms) = postSolution
		{0C6E5420-1609-440C-9F09-63C02875E1B5}.Debug|Any CPU.ActiveCfg = Debug|Any CPU
		{0C6E5420-1609-440C-9F09-63C02875E1B5}.Debug|Any CPU.Build.0 = Debug|Any CPU
		{0C6E5420-1609-440C-9F09-63C02875E1B5}.Release|Any CPU.ActiveCfg = Release|Any CPU
		{0C6E5420-1609-440C-9F09-63C02875E1B5}.Release|Any CPU.Build.0 = Release|Any CPU
	EndGlobalSection
	GlobalSection(SolutionProperties) = preSolution
		HideSolutionNode = FALSE
	EndGlobalSection
	GlobalSection(ExtensibilityGlobals) = postSolution
		SolutionGuid = {34091777-2934-4FB2-9619-8B0F83A0C6EC}
	EndGlobalSection
EndGlobal
